{
  "name": "ra-postgres-dataprovider",
  "version": "1.0.0",
  "lockfileVersion": 3,
  "requires": true,
  "packages": {
    "": {
      "name": "ra-postgres-dataprovider",
      "version": "1.0.0",
      "license": "ISC",
      "dependencies": {
        "sql-bricks-postgres": "^0.6.0"
      }
    },
    "node_modules/sql-bricks": {
      "version": "3.0.0",
      "resolved": "https://registry.npmjs.org/sql-bricks/-/sql-bricks-3.0.0.tgz",
      "integrity": "sha512-P9fXYWdPFOcU2uQr7hwzNa0m6qOjMSV6wmo3DPk1Nzxh9rZWyjgbFaRji41EMV1uHps4SCgwa+Cdv0tUJ+mySw==",
      "engines": {
        "node": "*"
      }
    },
    "node_modules/sql-bricks-postgres": {
      "version": "0.6.0",
      "resolved": "https://registry.npmjs.org/sql-bricks-postgres/-/sql-bricks-postgres-0.6.0.tgz",
      "integrity": "sha512-JbStbgWRWSV9pOnJLjBUzgFT4z3n2e90IyZsCCMLa/bYBg3uIyd8Uawk567gt4b25TRKDdX91+ru5SneCqeMgA==",
      "dependencies": {
        "sql-bricks": "^3",
        "underscore": "^1.4.x"
      },
      "engines": {
        "node": "*"
      }
    },
    "node_modules/underscore": {
      "version": "1.13.6",
      "resolved": "https://registry.npmjs.org/underscore/-/underscore-1.13.6.tgz",
      "integrity": "sha512-+A5Sja4HP1M08MaXya7p5LvjuM7K6q/2EaC0+iovj/wOcMsTzMvDFbasi/oSapiwOlt252IqsKqPjCl7huKS0A=="
    }
  }
}
